{
  "name": "Calculator",
  "version": "1.0.0",
  "lockfileVersion": 3,
  "requires": true,
  "packages": {
    "": {
      "name": "Calculator",
      "version": "1.0.0",
      "dependencies": {
        "js-big-decimal": "^1.3.10"
      }
    },
    "node_modules/js-big-decimal": {
      "version": "1.4.1",
      "resolved": "https://registry.npmjs.org/js-big-decimal/-/js-big-decimal-1.4.1.tgz",
      "integrity": "sha512-lEE6kXojqv1/ky/H0nTTg5gi+1g+V6O94T2GPpZTGayXGeYIC6f6PszckNsEa7S2+qgas9ZOEkONMryxXVKWwQ=="
    }
  }
}
